
Microsoft Visual Studio Solution File, Format Version 12.00
# Visual Studio 15
VisualStudioVersion = 15.0.27703.2026
MinimumVisualStudioVersion = 10.0.40219.1
Project("{FAE04EC0-301F-11D3-BF4B-00C04F79EFBC}") = "WebApplication1", "WebApplication1\WebApplication1.csproj", "{0708B529-F55C-4830-8D14-C79CAF803F75}"
EndProject
Global
	GlobalSection(SolutionConfigurationPlatforms) = preSolution
		Debug|Any CPU = Debug|Any CPU
		Release|Any CPU = Release|Any CPU
	EndGlobalSection
	GlobalSection(ProjectConfigurationPlatforms) = postSolution
		{0708B529-F55C-4830-8D14-C79CAF803F75}.Debug|Any CPU.ActiveCfg = Debug|Any CPU
		{0708B529-F55C-4830-8D14-C79CAF803F75}.Debug|Any CPU.Build.0 = Debug|Any CPU
		{0708B529-F55C-4830-8D14-C79CAF803F75}.Release|Any CPU.ActiveCfg = Release|Any CPU
		{0708B529-F55C-4830-8D14-C79CAF803F75}.Release|Any CPU.Build.0 = Release|Any CPU
	EndGlobalSection
	GlobalSection(SolutionProperties) = preSolution
		HideSolutionNode = FALSE
	EndGlobalSection
	GlobalSection(ExtensibilityGlobals) = postSolution
		SolutionGuid = {C3FEEDC4-D23B-47BC-97EE-24D2A5BFFE54}
	EndGlobalSection
EndGlobal
